{
  "name": "module-example",
  "version": "1.0.0",
  "lockfileVersion": 3,
  "requires": true,
  "packages": {
    "": {
      "name": "module-example",
      "version": "1.0.0",
      "license": "ISC",
      "dependencies": {
        "@wireblob/wire": "^1.0.0"
      }
    },
    "node_modules/@wireblob/wire": {
      "version": "1.0.0",
      "resolved": "https://registry.npmjs.org/@wireblob/wire/-/wire-1.0.0.tgz",
      "integrity": "sha512-6rqUEKdhlqmO1WL0LSWlswjbI0hVn3gAgkEm42Ysp6X5Neg8Yoo0+DkH4WS50EOG/DRllLJiJm2i2avLTGFfXw==",
      "license": "MIT",
      "dependencies": {
        "pusher-js": "^8.5.0"
      }
    },
    "node_modules/pusher-js": {
      "version": "8.5.0",
      "resolved": "https://registry.npmjs.org/pusher-js/-/pusher-js-8.5.0.tgz",
      "integrity": "sha512-V7uzGi9bqOOOyM/6IkJdpFyjGZj7llz1v0oWnYkZKcYLvbz6VcHVLmzKqkvegjuMumpfIEKGLmWHwFb39XFCpw==",
      "license": "MIT",
      "dependencies": {
        "tweetnacl": "^1.0.3"
      }
    },
    "node_modules/tweetnacl": {
      "version": "1.0.3",
      "resolved": "https://registry.npmjs.org/tweetnacl/-/tweetnacl-1.0.3.tgz",
      "integrity": "sha512-6rt+RN7aOi1nGMyC4Xa5DdYiukl2UWCbcJft7YhxReBGQD7OAM8Pbxw6YMo4r2diNEA8FEmu32YOn9rhaiE5yw==",
      "license": "Unlicense"
    }
  }
}
